// !$*UTF8*$!
{
	archiveVersion = 1;
	classes = {
	};
	objectVersion = 51;
	objects = {

/* Begin PBXBuildFile section */
		13CF235DA08F341CFEB28805 /* Pods_FitApp_FitAppUITests.framework in Frameworks */ = {isa = PBXBuildFile; fileRef = C9F92787D51B022DC3D3BE25 /* Pods_FitApp_FitAppUITests.framework */; };
		1A1C4513AE7EF2FAD0F25C05 /* Pods_FitAppTests.framework in Frameworks */ = {isa = PBXBuildFile; fileRef = 4A985BBBC6856DDB3F1AC0F5 /* Pods_FitAppTests.framework */; };
		7C89A9FB256D69CA009AD87C /* AppDelegate.swift in Sources */ = {isa = PBXBuildFile; fileRef = 7C89A9FA256D69CA009AD87C /* AppDelegate.swift */; };
		7C89A9FD256D69CA009AD87C /* SceneDelegate.swift in Sources */ = {isa = PBXBuildFile; fileRef = 7C89A9FC256D69CA009AD87C /* SceneDelegate.swift */; };
		7C89AA02256D69CA009AD87C /* LoginRegister.storyboard in Resources */ = {isa = PBXBuildFile; fileRef = 7C89AA00256D69CA009AD87C /* LoginRegister.storyboard */; };
		7C89AA04256D69CB009AD87C /* Assets.xcassets in Resources */ = {isa = PBXBuildFile; fileRef = 7C89AA03256D69CB009AD87C /* Assets.xcassets */; };
		7C89AA07256D69CB009AD87C /* LaunchScreen.storyboard in Resources */ = {isa = PBXBuildFile; fileRef = 7C89AA05256D69CB009AD87C /* LaunchScreen.storyboard */; };
		7C89AA12256D69CB009AD87C /* FitAppTests.swift in Sources */ = {isa = PBXBuildFile; fileRef = 7C89AA11256D69CB009AD87C /* FitAppTests.swift */; };
		7C89AA1D256D69CB009AD87C /* FitAppUITests.swift in Sources */ = {isa = PBXBuildFile; fileRef = 7C89AA1C256D69CB009AD87C /* FitAppUITests.swift */; };
		7C89AA59256D6FDB009AD87C /* Constants.swift in Sources */ = {isa = PBXBuildFile; fileRef = 7C89AA58256D6FDB009AD87C /* Constants.swift */; };
		7C89AA61256D700F009AD87C /* UserProfile.swift in Sources */ = {isa = PBXBuildFile; fileRef = 7C89AA60256D700F009AD87C /* UserProfile.swift */; };
		7C89AA66256D704D009AD87C /* LoginViewController.swift in Sources */ = {isa = PBXBuildFile; fileRef = 7C89AA65256D704D009AD87C /* LoginViewController.swift */; };
		7C89AA76256D715F009AD87C /* String+Extensions.swift in Sources */ = {isa = PBXBuildFile; fileRef = 7C89AA73256D715E009AD87C /* String+Extensions.swift */; };
		7C89AA77256D715F009AD87C /* UIView+Extensions.swift in Sources */ = {isa = PBXBuildFile; fileRef = 7C89AA74256D715F009AD87C /* UIView+Extensions.swift */; };
		7C89AA78256D715F009AD87C /* UIViewController+Extensions.swift in Sources */ = {isa = PBXBuildFile; fileRef = 7C89AA75256D715F009AD87C /* UIViewController+Extensions.swift */; };
		7C89AA81256D7342009AD87C /* RegisterViewController.swift in Sources */ = {isa = PBXBuildFile; fileRef = 7C89AA80256D7342009AD87C /* RegisterViewController.swift */; };
		7C89AA91256D8286009AD87C /* Questionnaire.storyboard in Resources */ = {isa = PBXBuildFile; fileRef = 7C89AA90256D8286009AD87C /* Questionnaire.storyboard */; };
		7C9B345E2583C5B400D30480 /* QuestionnaireSumUpViewController.swift in Sources */ = {isa = PBXBuildFile; fileRef = 7C9B345D2583C5B400D30480 /* QuestionnaireSumUpViewController.swift */; };
		7C9B346C2583ECB800D30480 /* GoogleService-Info.plist in Resources */ = {isa = PBXBuildFile; fileRef = 7C9B346B2583ECB800D30480 /* GoogleService-Info.plist */; };
		7C9B34922583F84A00D30480 /* StartViewController.swift in Sources */ = {isa = PBXBuildFile; fileRef = 7C9B34912583F84A00D30480 /* StartViewController.swift */; };
		7C9B349E2583F9E000D30480 /* SettingsViewController.swift in Sources */ = {isa = PBXBuildFile; fileRef = 7C9B349D2583F9E000D30480 /* SettingsViewController.swift */; };
		B30069D325926F090025FA0E /* WeightProgressViewController.swift in Sources */ = {isa = PBXBuildFile; fileRef = B30069D225926F090025FA0E /* WeightProgressViewController.swift */; };
		B302982025793BBA00CF41F0 /* UserProgress.swift in Sources */ = {isa = PBXBuildFile; fileRef = B302981F25793BBA00CF41F0 /* UserProgress.swift */; };
		B330B87625757C1000BDB206 /* Exercises.storyboard in Resources */ = {isa = PBXBuildFile; fileRef = B330B87525757C1000BDB206 /* Exercises.storyboard */; };
		B330B87F25757F1300BDB206 /* ExerciseTableViewCell.xib in Resources */ = {isa = PBXBuildFile; fileRef = B330B87E25757F1300BDB206 /* ExerciseTableViewCell.xib */; };
		B330B88A257581AA00BDB206 /* ExerciseTableViewCell.swift in Sources */ = {isa = PBXBuildFile; fileRef = B330B889257581AA00BDB206 /* ExerciseTableViewCell.swift */; };
		B330B88F257583D200BDB206 /* ExercisesTableViewController.swift in Sources */ = {isa = PBXBuildFile; fileRef = B330B88E257583D200BDB206 /* ExercisesTableViewController.swift */; };
		B341E230257F972300EE05A7 /* QuestionnairePersonalDetailsViewController.swift in Sources */ = {isa = PBXBuildFile; fileRef = B341E22F257F972300EE05A7 /* QuestionnairePersonalDetailsViewController.swift */; };
		B341E236257FA6F500EE05A7 /* Date+Extensions.swift in Sources */ = {isa = PBXBuildFile; fileRef = B341E235257FA6F500EE05A7 /* Date+Extensions.swift */; };
		B341E23B257FB3F400EE05A7 /* UITextField+Extensions.swift in Sources */ = {isa = PBXBuildFile; fileRef = B341E23A257FB3F400EE05A7 /* UITextField+Extensions.swift */; };
		B34397A7258A7F720073A59B /* DishView.xib in Resources */ = {isa = PBXBuildFile; fileRef = B34397A6258A7F720073A59B /* DishView.xib */; };
		B34397AD258A7FA50073A59B /* DishView.swift in Sources */ = {isa = PBXBuildFile; fileRef = B34397AC258A7FA50073A59B /* DishView.swift */; };
		B348420D25890CF800E0EF31 /* Meal.swift in Sources */ = {isa = PBXBuildFile; fileRef = B348420C25890CF800E0EF31 /* Meal.swift */; };
		B348421525890E5D00E0EF31 /* DIsh.swift in Sources */ = {isa = PBXBuildFile; fileRef = B348421425890E5D00E0EF31 /* DIsh.swift */; };
		B35111CA25962D41001B2B9B /* weightTableViewCell.swift in Sources */ = {isa = PBXBuildFile; fileRef = B35111C925962D41001B2B9B /* weightTableViewCell.swift */; };
		B358222325AC930B00C91295 /* Articles.storyboard in Resources */ = {isa = PBXBuildFile; fileRef = B358222225AC930B00C91295 /* Articles.storyboard */; };
		B358222825AC9A2F00C91295 /* ArticlesViewController.swift in Sources */ = {isa = PBXBuildFile; fileRef = B358222725AC9A2F00C91295 /* ArticlesViewController.swift */; };
		B358223025AC9DA800C91295 /* Article.swift in Sources */ = {isa = PBXBuildFile; fileRef = B358222F25AC9DA800C91295 /* Article.swift */; };
		B358227825ACA2F800C91295 /* ArticleTableViewCell.swift in Sources */ = {isa = PBXBuildFile; fileRef = B358227625ACA2F800C91295 /* ArticleTableViewCell.swift */; };
		B358227925ACA2F800C91295 /* ArticleTableViewCell.xib in Resources */ = {isa = PBXBuildFile; fileRef = B358227725ACA2F800C91295 /* ArticleTableViewCell.xib */; };
		B358227F25ACA40D00C91295 /* ArticleViewModel.swift in Sources */ = {isa = PBXBuildFile; fileRef = B358227E25ACA40D00C91295 /* ArticleViewModel.swift */; };
		B35822A225ADA04300C91295 /* ArticleViewController.swift in Sources */ = {isa = PBXBuildFile; fileRef = B35822A125ADA04300C91295 /* ArticleViewController.swift */; };
		B368DF4F25A5F24E00BD1937 /* GoogleApiManager.swift in Sources */ = {isa = PBXBuildFile; fileRef = B368DF4E25A5F24D00BD1937 /* GoogleApiManager.swift */; };
		B368DFE025A6247600BD1937 /* SpinnerView.swift in Sources */ = {isa = PBXBuildFile; fileRef = B368DFDF25A6247600BD1937 /* SpinnerView.swift */; };
		B368DFFB25A76A2C00BD1937 /* WeightViewModel.swift in Sources */ = {isa = PBXBuildFile; fileRef = B368DFFA25A76A2C00BD1937 /* WeightViewModel.swift */; };
		B368E04925A790D200BD1937 /* ServerDishs.swift in Sources */ = {isa = PBXBuildFile; fileRef = B368E04825A790D200BD1937 /* ServerDishs.swift */; };
		B368E05C25A79BB700BD1937 /* Data+Extensions.swift in Sources */ = {isa = PBXBuildFile; fileRef = B368E05B25A79BB700BD1937 /* Data+Extensions.swift */; };
		B368E07F25A8819100BD1937 /* Key.swift in Sources */ = {isa = PBXBuildFile; fileRef = B368E07E25A8819100BD1937 /* Key.swift */; };
		B368E08725A8820E00BD1937 /* PropertyListValue.swift in Sources */ = {isa = PBXBuildFile; fileRef = B368E08625A8820E00BD1937 /* PropertyListValue.swift */; };
		B36B71872577BD99001CD393 /* ExerciseDetailViewController.swift in Sources */ = {isa = PBXBuildFile; fileRef = B36B71862577BD99001CD393 /* ExerciseDetailViewController.swift */; };
		B36B718C2577BDF3001CD393 /* ExerciseViewController.swift in Sources */ = {isa = PBXBuildFile; fileRef = B36B718B2577BDF3001CD393 /* ExerciseViewController.swift */; };
		B36B71922577BF0C001CD393 /* Exercise.swift in Sources */ = {isa = PBXBuildFile; fileRef = B36B71912577BF0C001CD393 /* Exercise.swift */; };
		B3833F39259364ED006776D5 /* Weight.swift in Sources */ = {isa = PBXBuildFile; fileRef = B3833F38259364ED006776D5 /* Weight.swift */; };
		B3B2A232256ED2A60052E6C8 /* UIImage+Extensions.swift in Sources */ = {isa = PBXBuildFile; fileRef = B3B2A231256ED2A60052E6C8 /* UIImage+Extensions.swift */; };
		B3B2A238256ED4F20052E6C8 /* QuestionnaireFatPresentViewController.swift in Sources */ = {isa = PBXBuildFile; fileRef = B3B2A237256ED4F20052E6C8 /* QuestionnaireFatPresentViewController.swift */; };
		B3B2A247256EDE190052E6C8 /* QuestionnaireFatCollectionViewCell.swift in Sources */ = {isa = PBXBuildFile; fileRef = B3B2A246256EDE190052E6C8 /* QuestionnaireFatCollectionViewCell.swift */; };
		B3B2A252256EE0700052E6C8 /* QuestionnaireFatCollectionViewCell.xib in Resources */ = {isa = PBXBuildFile; fileRef = B3B2A251256EE0700052E6C8 /* QuestionnaireFatCollectionViewCell.xib */; };
		B3B7FCEF2590EFBC004BC2CD /* WeightProgress.storyboard in Resources */ = {isa = PBXBuildFile; fileRef = B3B7FCEE2590EFBC004BC2CD /* WeightProgress.storyboard */; };
		B3BB8F35258223E400D70628 /* QuestionnaireActivityViewController.swift in Sources */ = {isa = PBXBuildFile; fileRef = B3BB8F34258223E400D70628 /* QuestionnaireActivityViewController.swift */; };
		B3BB8F3B2582553600D70628 /* QuestionnaireFitnessLevelViewController.swift in Sources */ = {isa = PBXBuildFile; fileRef = B3BB8F3A2582553600D70628 /* QuestionnaireFitnessLevelViewController.swift */; };
		B3BB8F4125826FEB00D70628 /* QuestionnaireNutritionViewController.swift in Sources */ = {isa = PBXBuildFile; fileRef = B3BB8F4025826FEB00D70628 /* QuestionnaireNutritionViewController.swift */; };
		B3CA0CE3258111FD00923902 /* CircularProgressView.swift in Sources */ = {isa = PBXBuildFile; fileRef = B3CA0CE2258111FD00923902 /* CircularProgressView.swift */; };
		B3DB750D259F4850002CF48B /* FloatingPoint+Extensions.swift in Sources */ = {isa = PBXBuildFile; fileRef = B3DB750C259F4850002CF48B /* FloatingPoint+Extensions.swift */; };
		B3DB7513259F8270002CF48B /* MealViewModel.swift in Sources */ = {isa = PBXBuildFile; fileRef = B3DB7512259F8270002CF48B /* MealViewModel.swift */; };
		B3DB751B259F8773002CF48B /* ConsumptionManager.swift in Sources */ = {isa = PBXBuildFile; fileRef = B3DB751A259F8773002CF48B /* ConsumptionManager.swift */; };
		B3DB753525A09133002CF48B /* Double+Extensions.swift in Sources */ = {isa = PBXBuildFile; fileRef = B3DB753425A09133002CF48B /* Double+Extensions.swift */; };
		B3E36E7025727F63006CE558 /* Home.storyboard in Resources */ = {isa = PBXBuildFile; fileRef = B3E36E6F25727F63006CE558 /* Home.storyboard */; };
		B3E36E75257285F3006CE558 /* HomeViewController.swift in Sources */ = {isa = PBXBuildFile; fileRef = B3E36E74257285F3006CE558 /* HomeViewController.swift */; };
		B3E6E98D257142CD00958C48 /* MealPlan.storyboard in Resources */ = {isa = PBXBuildFile; fileRef = B3E6E98C257142CD00958C48 /* MealPlan.storyboard */; };
		B3E6E9A02571446E00958C48 /* MealPlanTableViewCell.xib in Resources */ = {isa = PBXBuildFile; fileRef = B3E6E99F2571446E00958C48 /* MealPlanTableViewCell.xib */; };
		B3E6E9AD25714C1400958C48 /* MealPlanTableViewCell.swift in Sources */ = {isa = PBXBuildFile; fileRef = B3E6E9AC25714C1400958C48 /* MealPlanTableViewCell.swift */; };
		B3E6E9B825714D5800958C48 /* MealPlanViewController.swift in Sources */ = {isa = PBXBuildFile; fileRef = B3E6E9B725714D5800958C48 /* MealPlanViewController.swift */; };
		FFBD0878BB9E28260C344D5A /* Pods_FitApp.framework in Frameworks */ = {isa = PBXBuildFile; fileRef = CDA4729A3DCD525258269BFC /* Pods_FitApp.framework */; };
/* End PBXBuildFile section */

/* Begin PBXContainerItemProxy section */
		7C89AA0E256D69CB009AD87C /* PBXContainerItemProxy */ = {
			isa = PBXContainerItemProxy;
			containerPortal = 7C89A9EF256D69CA009AD87C /* Project object */;
			proxyType = 1;
			remoteGlobalIDString = 7C89A9F6256D69CA009AD87C;
			remoteInfo = FitApp;
		};
		7C89AA19256D69CB009AD87C /* PBXContainerItemProxy */ = {
			isa = PBXContainerItemProxy;
			containerPortal = 7C89A9EF256D69CA009AD87C /* Project object */;
			proxyType = 1;
			remoteGlobalIDString = 7C89A9F6256D69CA009AD87C;
			remoteInfo = FitApp;
		};
/* End PBXContainerItemProxy section */

/* Begin PBXFileReference section */
		05D96098412DCEF72F6C4753 /* Pods-FitApp-FitAppUITests.release.xcconfig */ = {isa = PBXFileReference; includeInIndex = 1; lastKnownFileType = text.xcconfig; name = "Pods-FitApp-FitAppUITests.release.xcconfig"; path = "Target Support Files/Pods-FitApp-FitAppUITests/Pods-FitApp-FitAppUITests.release.xcconfig"; sourceTree = "<group>"; };
		4A985BBBC6856DDB3F1AC0F5 /* Pods_FitAppTests.framework */ = {isa = PBXFileReference; explicitFileType = wrapper.framework; includeInIndex = 0; path = Pods_FitAppTests.framework; sourceTree = BUILT_PRODUCTS_DIR; };
		7C8958EB95477BC016742433 /* Pods-FitApp.release.xcconfig */ = {isa = PBXFileReference; includeInIndex = 1; lastKnownFileType = text.xcconfig; name = "Pods-FitApp.release.xcconfig"; path = "Target Support Files/Pods-FitApp/Pods-FitApp.release.xcconfig"; sourceTree = "<group>"; };
		7C89A9F7256D69CA009AD87C /* FitApp.app */ = {isa = PBXFileReference; explicitFileType = wrapper.application; includeInIndex = 0; path = FitApp.app; sourceTree = BUILT_PRODUCTS_DIR; };
		7C89A9FA256D69CA009AD87C /* AppDelegate.swift */ = {isa = PBXFileReference; lastKnownFileType = sourcecode.swift; path = AppDelegate.swift; sourceTree = "<group>"; };
		7C89A9FC256D69CA009AD87C /* SceneDelegate.swift */ = {isa = PBXFileReference; lastKnownFileType = sourcecode.swift; path = SceneDelegate.swift; sourceTree = "<group>"; };
		7C89AA01256D69CA009AD87C /* Base */ = {isa = PBXFileReference; lastKnownFileType = file.storyboard; name = Base; path = Base.lproj/LoginRegister.storyboard; sourceTree = "<group>"; };
		7C89AA03256D69CB009AD87C /* Assets.xcassets */ = {isa = PBXFileReference; lastKnownFileType = folder.assetcatalog; path = Assets.xcassets; sourceTree = "<group>"; };
		7C89AA06256D69CB009AD87C /* Base */ = {isa = PBXFileReference; lastKnownFileType = file.storyboard; name = Base; path = Base.lproj/LaunchScreen.storyboard; sourceTree = "<group>"; };
		7C89AA08256D69CB009AD87C /* Info.plist */ = {isa = PBXFileReference; lastKnownFileType = text.plist.xml; path = Info.plist; sourceTree = "<group>"; };
		7C89AA0D256D69CB009AD87C /* FitAppTests.xctest */ = {isa = PBXFileReference; explicitFileType = wrapper.cfbundle; includeInIndex = 0; path = FitAppTests.xctest; sourceTree = BUILT_PRODUCTS_DIR; };
		7C89AA11256D69CB009AD87C /* FitAppTests.swift */ = {isa = PBXFileReference; lastKnownFileType = sourcecode.swift; path = FitAppTests.swift; sourceTree = "<group>"; };
		7C89AA13256D69CB009AD87C /* Info.plist */ = {isa = PBXFileReference; lastKnownFileType = text.plist.xml; path = Info.plist; sourceTree = "<group>"; };
		7C89AA18256D69CB009AD87C /* FitAppUITests.xctest */ = {isa = PBXFileReference; explicitFileType = wrapper.cfbundle; includeInIndex = 0; path = FitAppUITests.xctest; sourceTree = BUILT_PRODUCTS_DIR; };
		7C89AA1C256D69CB009AD87C /* FitAppUITests.swift */ = {isa = PBXFileReference; lastKnownFileType = sourcecode.swift; path = FitAppUITests.swift; sourceTree = "<group>"; };
		7C89AA1E256D69CB009AD87C /* Info.plist */ = {isa = PBXFileReference; lastKnownFileType = text.plist.xml; path = Info.plist; sourceTree = "<group>"; };
		7C89AA2E256D6A1C009AD87C /* he */ = {isa = PBXFileReference; lastKnownFileType = file.storyboard; name = he; path = he.lproj/LaunchScreen.storyboard; sourceTree = "<group>"; };
		7C89AA58256D6FDB009AD87C /* Constants.swift */ = {isa = PBXFileReference; lastKnownFileType = sourcecode.swift; path = Constants.swift; sourceTree = "<group>"; };
		7C89AA60256D700F009AD87C /* UserProfile.swift */ = {isa = PBXFileReference; lastKnownFileType = sourcecode.swift; path = UserProfile.swift; sourceTree = "<group>"; };
		7C89AA65256D704D009AD87C /* LoginViewController.swift */ = {isa = PBXFileReference; lastKnownFileType = sourcecode.swift; path = LoginViewController.swift; sourceTree = "<group>"; };
		7C89AA73256D715E009AD87C /* String+Extensions.swift */ = {isa = PBXFileReference; fileEncoding = 4; lastKnownFileType = sourcecode.swift; path = "String+Extensions.swift"; sourceTree = "<group>"; };
		7C89AA74256D715F009AD87C /* UIView+Extensions.swift */ = {isa = PBXFileReference; fileEncoding = 4; lastKnownFileType = sourcecode.swift; path = "UIView+Extensions.swift"; sourceTree = "<group>"; };
		7C89AA75256D715F009AD87C /* UIViewController+Extensions.swift */ = {isa = PBXFileReference; fileEncoding = 4; lastKnownFileType = sourcecode.swift; path = "UIViewController+Extensions.swift"; sourceTree = "<group>"; };
		7C89AA80256D7342009AD87C /* RegisterViewController.swift */ = {isa = PBXFileReference; lastKnownFileType = sourcecode.swift; path = RegisterViewController.swift; sourceTree = "<group>"; };
		7C89AA90256D8286009AD87C /* Questionnaire.storyboard */ = {isa = PBXFileReference; lastKnownFileType = file.storyboard; path = Questionnaire.storyboard; sourceTree = "<group>"; };
		7C9B345D2583C5B400D30480 /* QuestionnaireSumUpViewController.swift */ = {isa = PBXFileReference; lastKnownFileType = sourcecode.swift; path = QuestionnaireSumUpViewController.swift; sourceTree = "<group>"; };
		7C9B346B2583ECB800D30480 /* GoogleService-Info.plist */ = {isa = PBXFileReference; fileEncoding = 4; lastKnownFileType = text.plist.xml; path = "GoogleService-Info.plist"; sourceTree = "<group>"; };
		7C9B34912583F84A00D30480 /* StartViewController.swift */ = {isa = PBXFileReference; lastKnownFileType = sourcecode.swift; path = StartViewController.swift; sourceTree = "<group>"; };
		7C9B349D2583F9E000D30480 /* SettingsViewController.swift */ = {isa = PBXFileReference; lastKnownFileType = sourcecode.swift; path = SettingsViewController.swift; sourceTree = "<group>"; };
		ACEF8473DFF1F8DE43E4AFF4 /* Pods-FitApp-FitAppUITests.debug.xcconfig */ = {isa = PBXFileReference; includeInIndex = 1; lastKnownFileType = text.xcconfig; name = "Pods-FitApp-FitAppUITests.debug.xcconfig"; path = "Target Support Files/Pods-FitApp-FitAppUITests/Pods-FitApp-FitAppUITests.debug.xcconfig"; sourceTree = "<group>"; };
		B0AE3B48B417514ACEE1ACAB /* Pods-FitAppTests.release.xcconfig */ = {isa = PBXFileReference; includeInIndex = 1; lastKnownFileType = text.xcconfig; name = "Pods-FitAppTests.release.xcconfig"; path = "Target Support Files/Pods-FitAppTests/Pods-FitAppTests.release.xcconfig"; sourceTree = "<group>"; };
		B30069D225926F090025FA0E /* WeightProgressViewController.swift */ = {isa = PBXFileReference; lastKnownFileType = sourcecode.swift; path = WeightProgressViewController.swift; sourceTree = "<group>"; };
		B302981F25793BBA00CF41F0 /* UserProgress.swift */ = {isa = PBXFileReference; lastKnownFileType = sourcecode.swift; path = UserProgress.swift; sourceTree = "<group>"; };
		B330B87525757C1000BDB206 /* Exercises.storyboard */ = {isa = PBXFileReference; lastKnownFileType = file.storyboard; path = Exercises.storyboard; sourceTree = "<group>"; };
		B330B87E25757F1300BDB206 /* ExerciseTableViewCell.xib */ = {isa = PBXFileReference; lastKnownFileType = file.xib; path = ExerciseTableViewCell.xib; sourceTree = "<group>"; };
		B330B889257581AA00BDB206 /* ExerciseTableViewCell.swift */ = {isa = PBXFileReference; lastKnownFileType = sourcecode.swift; path = ExerciseTableViewCell.swift; sourceTree = "<group>"; };
		B330B88E257583D200BDB206 /* ExercisesTableViewController.swift */ = {isa = PBXFileReference; lastKnownFileType = sourcecode.swift; path = ExercisesTableViewController.swift; sourceTree = "<group>"; };
		B341E22F257F972300EE05A7 /* QuestionnairePersonalDetailsViewController.swift */ = {isa = PBXFileReference; lastKnownFileType = sourcecode.swift; path = QuestionnairePersonalDetailsViewController.swift; sourceTree = "<group>"; };
		B341E235257FA6F500EE05A7 /* Date+Extensions.swift */ = {isa = PBXFileReference; lastKnownFileType = sourcecode.swift; path = "Date+Extensions.swift"; sourceTree = "<group>"; };
		B341E23A257FB3F400EE05A7 /* UITextField+Extensions.swift */ = {isa = PBXFileReference; lastKnownFileType = sourcecode.swift; path = "UITextField+Extensions.swift"; sourceTree = "<group>"; };
		B34397A6258A7F720073A59B /* DishView.xib */ = {isa = PBXFileReference; lastKnownFileType = file.xib; path = DishView.xib; sourceTree = "<group>"; };
		B34397AC258A7FA50073A59B /* DishView.swift */ = {isa = PBXFileReference; lastKnownFileType = sourcecode.swift; path = DishView.swift; sourceTree = "<group>"; };
		B348420C25890CF800E0EF31 /* Meal.swift */ = {isa = PBXFileReference; lastKnownFileType = sourcecode.swift; path = Meal.swift; sourceTree = "<group>"; };
		B348421425890E5D00E0EF31 /* DIsh.swift */ = {isa = PBXFileReference; lastKnownFileType = sourcecode.swift; path = DIsh.swift; sourceTree = "<group>"; };
		B35111C925962D41001B2B9B /* weightTableViewCell.swift */ = {isa = PBXFileReference; fileEncoding = 4; lastKnownFileType = sourcecode.swift; path = weightTableViewCell.swift; sourceTree = "<group>"; };
		B358222225AC930B00C91295 /* Articles.storyboard */ = {isa = PBXFileReference; fileEncoding = 4; lastKnownFileType = file.storyboard; path = Articles.storyboard; sourceTree = "<group>"; };
		B358222725AC9A2F00C91295 /* ArticlesViewController.swift */ = {isa = PBXFileReference; lastKnownFileType = sourcecode.swift; path = ArticlesViewController.swift; sourceTree = "<group>"; };
		B358222F25AC9DA800C91295 /* Article.swift */ = {isa = PBXFileReference; lastKnownFileType = sourcecode.swift; path = Article.swift; sourceTree = "<group>"; };
		B358227625ACA2F800C91295 /* ArticleTableViewCell.swift */ = {isa = PBXFileReference; lastKnownFileType = sourcecode.swift; path = ArticleTableViewCell.swift; sourceTree = "<group>"; };
		B358227725ACA2F800C91295 /* ArticleTableViewCell.xib */ = {isa = PBXFileReference; lastKnownFileType = file.xib; path = ArticleTableViewCell.xib; sourceTree = "<group>"; };
		B358227E25ACA40D00C91295 /* ArticleViewModel.swift */ = {isa = PBXFileReference; lastKnownFileType = sourcecode.swift; path = ArticleViewModel.swift; sourceTree = "<group>"; };
		B35822A125ADA04300C91295 /* ArticleViewController.swift */ = {isa = PBXFileReference; lastKnownFileType = sourcecode.swift; path = ArticleViewController.swift; sourceTree = "<group>"; };
		B368DF4E25A5F24D00BD1937 /* GoogleApiManager.swift */ = {isa = PBXFileReference; lastKnownFileType = sourcecode.swift; path = GoogleApiManager.swift; sourceTree = "<group>"; };
		B368DFDF25A6247600BD1937 /* SpinnerView.swift */ = {isa = PBXFileReference; lastKnownFileType = sourcecode.swift; path = SpinnerView.swift; sourceTree = "<group>"; };
		B368DFFA25A76A2C00BD1937 /* WeightViewModel.swift */ = {isa = PBXFileReference; lastKnownFileType = sourcecode.swift; path = WeightViewModel.swift; sourceTree = "<group>"; };
		B368E04825A790D200BD1937 /* ServerDishs.swift */ = {isa = PBXFileReference; lastKnownFileType = sourcecode.swift; path = ServerDishs.swift; sourceTree = "<group>"; };
		B368E05B25A79BB700BD1937 /* Data+Extensions.swift */ = {isa = PBXFileReference; lastKnownFileType = sourcecode.swift; path = "Data+Extensions.swift"; sourceTree = "<group>"; };
		B368E07E25A8819100BD1937 /* Key.swift */ = {isa = PBXFileReference; lastKnownFileType = sourcecode.swift; path = Key.swift; sourceTree = "<group>"; };
		B368E08625A8820E00BD1937 /* PropertyListValue.swift */ = {isa = PBXFileReference; lastKnownFileType = sourcecode.swift; path = PropertyListValue.swift; sourceTree = "<group>"; };
		B36B71862577BD99001CD393 /* ExerciseDetailViewController.swift */ = {isa = PBXFileReference; lastKnownFileType = sourcecode.swift; path = ExerciseDetailViewController.swift; sourceTree = "<group>"; };
		B36B718B2577BDF3001CD393 /* ExerciseViewController.swift */ = {isa = PBXFileReference; lastKnownFileType = sourcecode.swift; path = ExerciseViewController.swift; sourceTree = "<group>"; };
		B36B71912577BF0C001CD393 /* Exercise.swift */ = {isa = PBXFileReference; lastKnownFileType = sourcecode.swift; path = Exercise.swift; sourceTree = "<group>"; };
		B3833F38259364ED006776D5 /* Weight.swift */ = {isa = PBXFileReference; lastKnownFileType = sourcecode.swift; path = Weight.swift; sourceTree = "<group>"; };
		B3B2A231256ED2A60052E6C8 /* UIImage+Extensions.swift */ = {isa = PBXFileReference; lastKnownFileType = sourcecode.swift; path = "UIImage+Extensions.swift"; sourceTree = "<group>"; };
		B3B2A237256ED4F20052E6C8 /* QuestionnaireFatPresentViewController.swift */ = {isa = PBXFileReference; lastKnownFileType = sourcecode.swift; path = QuestionnaireFatPresentViewController.swift; sourceTree = "<group>"; };
		B3B2A246256EDE190052E6C8 /* QuestionnaireFatCollectionViewCell.swift */ = {isa = PBXFileReference; lastKnownFileType = sourcecode.swift; path = QuestionnaireFatCollectionViewCell.swift; sourceTree = "<group>"; };
		B3B2A251256EE0700052E6C8 /* QuestionnaireFatCollectionViewCell.xib */ = {isa = PBXFileReference; lastKnownFileType = file.xib; path = QuestionnaireFatCollectionViewCell.xib; sourceTree = "<group>"; };
		B3B7FCEE2590EFBC004BC2CD /* WeightProgress.storyboard */ = {isa = PBXFileReference; fileEncoding = 4; lastKnownFileType = file.storyboard; path = WeightProgress.storyboard; sourceTree = "<group>"; };
		B3BB8F34258223E400D70628 /* QuestionnaireActivityViewController.swift */ = {isa = PBXFileReference; lastKnownFileType = sourcecode.swift; path = QuestionnaireActivityViewController.swift; sourceTree = "<group>"; };
		B3BB8F3A2582553600D70628 /* QuestionnaireFitnessLevelViewController.swift */ = {isa = PBXFileReference; lastKnownFileType = sourcecode.swift; path = QuestionnaireFitnessLevelViewController.swift; sourceTree = "<group>"; };
		B3BB8F4025826FEB00D70628 /* QuestionnaireNutritionViewController.swift */ = {isa = PBXFileReference; lastKnownFileType = sourcecode.swift; path = QuestionnaireNutritionViewController.swift; sourceTree = "<group>"; };
		B3CA0CE2258111FD00923902 /* CircularProgressView.swift */ = {isa = PBXFileReference; lastKnownFileType = sourcecode.swift; path = CircularProgressView.swift; sourceTree = "<group>"; };
		B3DB750C259F4850002CF48B /* FloatingPoint+Extensions.swift */ = {isa = PBXFileReference; lastKnownFileType = sourcecode.swift; path = "FloatingPoint+Extensions.swift"; sourceTree = "<group>"; };
		B3DB7512259F8270002CF48B /* MealViewModel.swift */ = {isa = PBXFileReference; lastKnownFileType = sourcecode.swift; path = MealViewModel.swift; sourceTree = "<group>"; };
		B3DB751A259F8773002CF48B /* ConsumptionManager.swift */ = {isa = PBXFileReference; lastKnownFileType = sourcecode.swift; path = ConsumptionManager.swift; sourceTree = "<group>"; };
		B3DB753425A09133002CF48B /* Double+Extensions.swift */ = {isa = PBXFileReference; lastKnownFileType = sourcecode.swift; path = "Double+Extensions.swift"; sourceTree = "<group>"; };
		B3E36E6F25727F63006CE558 /* Home.storyboard */ = {isa = PBXFileReference; lastKnownFileType = file.storyboard; path = Home.storyboard; sourceTree = "<group>"; };
		B3E36E74257285F3006CE558 /* HomeViewController.swift */ = {isa = PBXFileReference; lastKnownFileType = sourcecode.swift; path = HomeViewController.swift; sourceTree = "<group>"; };
		B3E6E98C257142CD00958C48 /* MealPlan.storyboard */ = {isa = PBXFileReference; lastKnownFileType = file.storyboard; path = MealPlan.storyboard; sourceTree = "<group>"; };
		B3E6E99F2571446E00958C48 /* MealPlanTableViewCell.xib */ = {isa = PBXFileReference; lastKnownFileType = file.xib; path = MealPlanTableViewCell.xib; sourceTree = "<group>"; };
		B3E6E9AC25714C1400958C48 /* MealPlanTableViewCell.swift */ = {isa = PBXFileReference; lastKnownFileType = sourcecode.swift; path = MealPlanTableViewCell.swift; sourceTree = "<group>"; };
		B3E6E9B725714D5800958C48 /* MealPlanViewController.swift */ = {isa = PBXFileReference; lastKnownFileType = sourcecode.swift; path = MealPlanViewController.swift; sourceTree = "<group>"; };
		C98BC5F3BA0E153D76D4AC05 /* Pods-FitAppTests.debug.xcconfig */ = {isa = PBXFileReference; includeInIndex = 1; lastKnownFileType = text.xcconfig; name = "Pods-FitAppTests.debug.xcconfig"; path = "Target Support Files/Pods-FitAppTests/Pods-FitAppTests.debug.xcconfig"; sourceTree = "<group>"; };
		C9F92787D51B022DC3D3BE25 /* Pods_FitApp_FitAppUITests.framework */ = {isa = PBXFileReference; explicitFileType = wrapper.framework; includeInIndex = 0; path = Pods_FitApp_FitAppUITests.framework; sourceTree = BUILT_PRODUCTS_DIR; };
		CDA4729A3DCD525258269BFC /* Pods_FitApp.framework */ = {isa = PBXFileReference; explicitFileType = wrapper.framework; includeInIndex = 0; path = Pods_FitApp.framework; sourceTree = BUILT_PRODUCTS_DIR; };
		DAEA8DB066969834A817B457 /* Pods-FitApp.debug.xcconfig */ = {isa = PBXFileReference; includeInIndex = 1; lastKnownFileType = text.xcconfig; name = "Pods-FitApp.debug.xcconfig"; path = "Target Support Files/Pods-FitApp/Pods-FitApp.debug.xcconfig"; sourceTree = "<group>"; };
/* End PBXFileReference section */

/* Begin PBXFrameworksBuildPhase section */
		7C89A9F4256D69CA009AD87C /* Frameworks */ = {
			isa = PBXFrameworksBuildPhase;
			buildActionMask = 2147483647;
			files = (
				FFBD0878BB9E28260C344D5A /* Pods_FitApp.framework in Frameworks */,
			);
			runOnlyForDeploymentPostprocessing = 0;
		};
		7C89AA0A256D69CB009AD87C /* Frameworks */ = {
			isa = PBXFrameworksBuildPhase;
			buildActionMask = 2147483647;
			files = (
				1A1C4513AE7EF2FAD0F25C05 /* Pods_FitAppTests.framework in Frameworks */,
			);
			runOnlyForDeploymentPostprocessing = 0;
		};
		7C89AA15256D69CB009AD87C /* Frameworks */ = {
			isa = PBXFrameworksBuildPhase;
			buildActionMask = 2147483647;
			files = (
				13CF235DA08F341CFEB28805 /* Pods_FitApp_FitAppUITests.framework in Frameworks */,
			);
			runOnlyForDeploymentPostprocessing = 0;
		};
/* End PBXFrameworksBuildPhase section */

/* Begin PBXGroup section */
		1D0BA5DD105F01D9E5604CAD /* Frameworks */ = {
			isa = PBXGroup;
			children = (
				CDA4729A3DCD525258269BFC /* Pods_FitApp.framework */,
				C9F92787D51B022DC3D3BE25 /* Pods_FitApp_FitAppUITests.framework */,
				4A985BBBC6856DDB3F1AC0F5 /* Pods_FitAppTests.framework */,
			);
			name = Frameworks;
			sourceTree = "<group>";
		};
		3818404CCC99D4DB7BF2032D /* Pods */ = {
			isa = PBXGroup;
			children = (
				DAEA8DB066969834A817B457 /* Pods-FitApp.debug.xcconfig */,
				7C8958EB95477BC016742433 /* Pods-FitApp.release.xcconfig */,
				ACEF8473DFF1F8DE43E4AFF4 /* Pods-FitApp-FitAppUITests.debug.xcconfig */,
				05D96098412DCEF72F6C4753 /* Pods-FitApp-FitAppUITests.release.xcconfig */,
				C98BC5F3BA0E153D76D4AC05 /* Pods-FitAppTests.debug.xcconfig */,
				B0AE3B48B417514ACEE1ACAB /* Pods-FitAppTests.release.xcconfig */,
			);
			path = Pods;
			sourceTree = "<group>";
		};
		7C89A9EE256D69CA009AD87C = {
			isa = PBXGroup;
			children = (
				7C89A9F9256D69CA009AD87C /* FitApp */,
				7C89AA10256D69CB009AD87C /* FitAppTests */,
				7C89AA1B256D69CB009AD87C /* FitAppUITests */,
				7C89A9F8256D69CA009AD87C /* Products */,
				3818404CCC99D4DB7BF2032D /* Pods */,
				1D0BA5DD105F01D9E5604CAD /* Frameworks */,
			);
			sourceTree = "<group>";
		};
		7C89A9F8256D69CA009AD87C /* Products */ = {
			isa = PBXGroup;
			children = (
				7C89A9F7256D69CA009AD87C /* FitApp.app */,
				7C89AA0D256D69CB009AD87C /* FitAppTests.xctest */,
				7C89AA18256D69CB009AD87C /* FitAppUITests.xctest */,
			);
			name = Products;
			sourceTree = "<group>";
		};
		7C89A9F9256D69CA009AD87C /* FitApp */ = {
			isa = PBXGroup;
			children = (
				B36B71902577BEFC001CD393 /* Models */,
				B3DB7511259F8254002CF48B /* ViewModels */,
				7C89AA35256D6D3D009AD87C /* Application */,
				7C89AA6E256D7132009AD87C /* Storyboards */,
				7C89AA8C256D817B009AD87C /* Controllers */,
				B3B2A245256EDDCA0052E6C8 /* Views */,
				7C89AA6D256D70FE009AD87C /* Helpers */,
				7C89AA6C256D70E5009AD87C /* Extention */,
				7C89AA7C256D717F009AD87C /* Resources */,
			);
			path = FitApp;
			sourceTree = "<group>";
		};
		7C89AA10256D69CB009AD87C /* FitAppTests */ = {
			isa = PBXGroup;
			children = (
				7C89AA11256D69CB009AD87C /* FitAppTests.swift */,
				7C89AA13256D69CB009AD87C /* Info.plist */,
			);
			path = FitAppTests;
			sourceTree = "<group>";
		};
		7C89AA1B256D69CB009AD87C /* FitAppUITests */ = {
			isa = PBXGroup;
			children = (
				7C89AA1C256D69CB009AD87C /* FitAppUITests.swift */,
				7C89AA1E256D69CB009AD87C /* Info.plist */,
			);
			path = FitAppUITests;
			sourceTree = "<group>";
		};
		7C89AA35256D6D3D009AD87C /* Application */ = {
			isa = PBXGroup;
			children = (
				7C89A9FA256D69CA009AD87C /* AppDelegate.swift */,
				7C89A9FC256D69CA009AD87C /* SceneDelegate.swift */,
				7C89AA08256D69CB009AD87C /* Info.plist */,
				7C9B346B2583ECB800D30480 /* GoogleService-Info.plist */,
			);
			name = Application;
			sourceTree = "<group>";
		};
		7C89AA6C256D70E5009AD87C /* Extention */ = {
			isa = PBXGroup;
			children = (
				B368E04E25A79B7B00BD1937 /* Types */,
				B368E04D25A79B5D00BD1937 /* Views */,
			);
			path = Extention;
			sourceTree = "<group>";
		};
		7C89AA6D256D70FE009AD87C /* Helpers */ = {
			isa = PBXGroup;
			children = (
				B368E07D25A8816000BD1937 /* UserData  */,
				7C89AA58256D6FDB009AD87C /* Constants.swift */,
				B3DB751A259F8773002CF48B /* ConsumptionManager.swift */,
				B368DF4E25A5F24D00BD1937 /* GoogleApiManager.swift */,
			);
			path = Helpers;
			sourceTree = "<group>";
		};
		7C89AA6E256D7132009AD87C /* Storyboards */ = {
			isa = PBXGroup;
			children = (
				7C89AA05256D69CB009AD87C /* LaunchScreen.storyboard */,
				7C89AA00256D69CA009AD87C /* LoginRegister.storyboard */,
				7C89AA90256D8286009AD87C /* Questionnaire.storyboard */,
				B3E36E6F25727F63006CE558 /* Home.storyboard */,
				B358222225AC930B00C91295 /* Articles.storyboard */,
				B3B7FCEE2590EFBC004BC2CD /* WeightProgress.storyboard */,
				B3E6E98C257142CD00958C48 /* MealPlan.storyboard */,
				B330B87525757C1000BDB206 /* Exercises.storyboard */,
			);
			path = Storyboards;
			sourceTree = "<group>";
		};
		7C89AA7C256D717F009AD87C /* Resources */ = {
			isa = PBXGroup;
			children = (
				7C89AA03256D69CB009AD87C /* Assets.xcassets */,
			);
			name = Resources;
			sourceTree = "<group>";
		};
		7C89AA8C256D817B009AD87C /* Controllers */ = {
			isa = PBXGroup;
			children = (
				7C9B34992583F95D00D30480 /* Login And Register */,
				B3B2A236256ED4850052E6C8 /* Questionnarie */,
				B36B71852577BCE8001CD393 /* Exercise */,
				B3833F472593783B006776D5 /* Weight */,
				B3E36E74257285F3006CE558 /* HomeViewController.swift */,
				B3E6E9B725714D5800958C48 /* MealPlanViewController.swift */,
				7C9B349D2583F9E000D30480 /* SettingsViewController.swift */,
				B35822A025ADA01D00C91295 /* Articles */,
			);
			path = Controllers;
			sourceTree = "<group>";
		};
		7C9B34992583F95D00D30480 /* Login And Register */ = {
			isa = PBXGroup;
			children = (
				7C9B34912583F84A00D30480 /* StartViewController.swift */,
				7C89AA65256D704D009AD87C /* LoginViewController.swift */,
				7C89AA80256D7342009AD87C /* RegisterViewController.swift */,
			);
			name = "Login And Register";
			sourceTree = "<group>";
		};
		B330B87D25757E8A00BDB206 /* ExerciseTabelViewCell */ = {
			isa = PBXGroup;
			children = (
				B330B87E25757F1300BDB206 /* ExerciseTableViewCell.xib */,
				B330B889257581AA00BDB206 /* ExerciseTableViewCell.swift */,
			);
			name = ExerciseTabelViewCell;
			sourceTree = "<group>";
		};
		B34397AB258A7F770073A59B /* DishView */ = {
			isa = PBXGroup;
			children = (
				B35111C925962D41001B2B9B /* weightTableViewCell.swift */,
				B34397A6258A7F720073A59B /* DishView.xib */,
				B34397AC258A7FA50073A59B /* DishView.swift */,
			);
			name = DishView;
			sourceTree = "<group>";
		};
		B358227D25ACA2FE00C91295 /* ArticleTableViewCell */ = {
			isa = PBXGroup;
			children = (
				B358227625ACA2F800C91295 /* ArticleTableViewCell.swift */,
				B358227725ACA2F800C91295 /* ArticleTableViewCell.xib */,
			);
			name = ArticleTableViewCell;
			sourceTree = "<group>";
		};
		B35822A025ADA01D00C91295 /* Articles */ = {
			isa = PBXGroup;
			children = (
				B358222725AC9A2F00C91295 /* ArticlesViewController.swift */,
				B35822A125ADA04300C91295 /* ArticleViewController.swift */,
			);
			name = Articles;
			sourceTree = "<group>";
		};
		B368E04D25A79B5D00BD1937 /* Views */ = {
			isa = PBXGroup;
			children = (
				7C89AA74256D715F009AD87C /* UIView+Extensions.swift */,
				7C89AA75256D715F009AD87C /* UIViewController+Extensions.swift */,
				B3B2A231256ED2A60052E6C8 /* UIImage+Extensions.swift */,
				B341E23A257FB3F400EE05A7 /* UITextField+Extensions.swift */,
			);
			path = Views;
			sourceTree = "<group>";
		};
		B368E04E25A79B7B00BD1937 /* Types */ = {
			isa = PBXGroup;
			children = (
				7C89AA73256D715E009AD87C /* String+Extensions.swift */,
				B341E235257FA6F500EE05A7 /* Date+Extensions.swift */,
				B3DB750C259F4850002CF48B /* FloatingPoint+Extensions.swift */,
				B3DB753425A09133002CF48B /* Double+Extensions.swift */,
				B368E05B25A79BB700BD1937 /* Data+Extensions.swift */,
			);
			path = Types;
			sourceTree = "<group>";
		};
		B368E07D25A8816000BD1937 /* UserData  */ = {
			isa = PBXGroup;
			children = (
				7C89AA60256D700F009AD87C /* UserProfile.swift */,
				B368E07E25A8819100BD1937 /* Key.swift */,
				B368E08625A8820E00BD1937 /* PropertyListValue.swift */,
			);
			path = "UserData ";
			sourceTree = "<group>";
		};
		B36B71852577BCE8001CD393 /* Exercise */ = {
			isa = PBXGroup;
			children = (
				B330B88E257583D200BDB206 /* ExercisesTableViewController.swift */,
				B36B71862577BD99001CD393 /* ExerciseDetailViewController.swift */,
				B36B718B2577BDF3001CD393 /* ExerciseViewController.swift */,
			);
			name = Exercise;
			sourceTree = "<group>";
		};
		B36B71902577BEFC001CD393 /* Models */ = {
			isa = PBXGroup;
			children = (
				B36B71912577BF0C001CD393 /* Exercise.swift */,
				B302981F25793BBA00CF41F0 /* UserProgress.swift */,
				B348420C25890CF800E0EF31 /* Meal.swift */,
				B348421425890E5D00E0EF31 /* DIsh.swift */,
				B3833F38259364ED006776D5 /* Weight.swift */,
				B368E04825A790D200BD1937 /* ServerDishs.swift */,
				B358222F25AC9DA800C91295 /* Article.swift */,
			);
			path = Models;
			sourceTree = "<group>";
		};
		B3833F472593783B006776D5 /* Weight */ = {
			isa = PBXGroup;
			children = (
				B30069D225926F090025FA0E /* WeightProgressViewController.swift */,
			);
			name = Weight;
			sourceTree = "<group>";
		};
		B3B2A236256ED4850052E6C8 /* Questionnarie */ = {
			isa = PBXGroup;
			children = (
				B341E22F257F972300EE05A7 /* QuestionnairePersonalDetailsViewController.swift */,
				B3B2A237256ED4F20052E6C8 /* QuestionnaireFatPresentViewController.swift */,
				B3BB8F34258223E400D70628 /* QuestionnaireActivityViewController.swift */,
				B3BB8F4025826FEB00D70628 /* QuestionnaireNutritionViewController.swift */,
				B3BB8F3A2582553600D70628 /* QuestionnaireFitnessLevelViewController.swift */,
				7C9B345D2583C5B400D30480 /* QuestionnaireSumUpViewController.swift */,
			);
			name = Questionnarie;
			sourceTree = "<group>";
		};
		B3B2A245256EDDCA0052E6C8 /* Views */ = {
			isa = PBXGroup;
			children = (
				B330B87D25757E8A00BDB206 /* ExerciseTabelViewCell */,
				B3E6E99E2571444000958C48 /* MealPlanTableViewCell */,
				B3E6E99A2571443200958C48 /* QuestionnaireFatCollectionViewCell */,
				B358227D25ACA2FE00C91295 /* ArticleTableViewCell */,
				B34397AB258A7F770073A59B /* DishView */,
				B3CA0CE2258111FD00923902 /* CircularProgressView.swift */,
				B368DFDF25A6247600BD1937 /* SpinnerView.swift */,
			);
			path = Views;
			sourceTree = "<group>";
		};
		B3DB7511259F8254002CF48B /* ViewModels */ = {
			isa = PBXGroup;
			children = (
				B3DB7512259F8270002CF48B /* MealViewModel.swift */,
				B368DFFA25A76A2C00BD1937 /* WeightViewModel.swift */,
				B358227E25ACA40D00C91295 /* ArticleViewModel.swift */,
			);
			path = ViewModels;
			sourceTree = "<group>";
		};
		B3E6E99A2571443200958C48 /* QuestionnaireFatCollectionViewCell */ = {
			isa = PBXGroup;
			children = (
				B3B2A246256EDE190052E6C8 /* QuestionnaireFatCollectionViewCell.swift */,
				B3B2A251256EE0700052E6C8 /* QuestionnaireFatCollectionViewCell.xib */,
			);
			name = QuestionnaireFatCollectionViewCell;
			sourceTree = "<group>";
		};
		B3E6E99E2571444000958C48 /* MealPlanTableViewCell */ = {
			isa = PBXGroup;
			children = (
				B3E6E99F2571446E00958C48 /* MealPlanTableViewCell.xib */,
				B3E6E9AC25714C1400958C48 /* MealPlanTableViewCell.swift */,
			);
			path = MealPlanTableViewCell;
			sourceTree = "<group>";
		};
/* End PBXGroup section */

/* Begin PBXNativeTarget section */
		7C89A9F6256D69CA009AD87C /* FitApp */ = {
			isa = PBXNativeTarget;
			buildConfigurationList = 7C89AA21256D69CB009AD87C /* Build configuration list for PBXNativeTarget "FitApp" */;
			buildPhases = (
				A810216E83DAB82D60558EF8 /* [CP] Check Pods Manifest.lock */,
				7C89A9F3256D69CA009AD87C /* Sources */,
				7C89A9F4256D69CA009AD87C /* Frameworks */,
				7C89A9F5256D69CA009AD87C /* Resources */,
				3E89DFADD2E7621040277F7C /* [CP] Embed Pods Frameworks */,
			);
			buildRules = (
			);
			dependencies = (
			);
			name = FitApp;
			productName = FitApp;
			productReference = 7C89A9F7256D69CA009AD87C /* FitApp.app */;
			productType = "com.apple.product-type.application";
		};
		7C89AA0C256D69CB009AD87C /* FitAppTests */ = {
			isa = PBXNativeTarget;
			buildConfigurationList = 7C89AA24256D69CB009AD87C /* Build configuration list for PBXNativeTarget "FitAppTests" */;
			buildPhases = (
				0AA45D3D4D678465CFFBDA75 /* [CP] Check Pods Manifest.lock */,
				7C89AA09256D69CB009AD87C /* Sources */,
				7C89AA0A256D69CB009AD87C /* Frameworks */,
				7C89AA0B256D69CB009AD87C /* Resources */,
			);
			buildRules = (
			);
			dependencies = (
				7C89AA0F256D69CB009AD87C /* PBXTargetDependency */,
			);
			name = FitAppTests;
			productName = FitAppTests;
			productReference = 7C89AA0D256D69CB009AD87C /* FitAppTests.xctest */;
			productType = "com.apple.product-type.bundle.unit-test";
		};
		7C89AA17256D69CB009AD87C /* FitAppUITests */ = {
			isa = PBXNativeTarget;
			buildConfigurationList = 7C89AA27256D69CB009AD87C /* Build configuration list for PBXNativeTarget "FitAppUITests" */;
			buildPhases = (
				942F5E360AC0E6B4EC1EF1F0 /* [CP] Check Pods Manifest.lock */,
				7C89AA14256D69CB009AD87C /* Sources */,
				7C89AA15256D69CB009AD87C /* Frameworks */,
				7C89AA16256D69CB009AD87C /* Resources */,
				91BBD7C5219FA458FF3CE3F5 /* [CP] Embed Pods Frameworks */,
			);
			buildRules = (
			);
			dependencies = (
				7C89AA1A256D69CB009AD87C /* PBXTargetDependency */,
			);
			name = FitAppUITests;
			productName = FitAppUITests;
			productReference = 7C89AA18256D69CB009AD87C /* FitAppUITests.xctest */;
			productType = "com.apple.product-type.bundle.ui-testing";
		};
/* End PBXNativeTarget section */

/* Begin PBXProject section */
		7C89A9EF256D69CA009AD87C /* Project object */ = {
			isa = PBXProject;
			attributes = {
				LastSwiftUpdateCheck = 1220;
				LastUpgradeCheck = 1220;
				TargetAttributes = {
					7C89A9F6256D69CA009AD87C = {
						CreatedOnToolsVersion = 12.2;
					};
					7C89AA0C256D69CB009AD87C = {
						CreatedOnToolsVersion = 12.2;
						TestTargetID = 7C89A9F6256D69CA009AD87C;
					};
					7C89AA17256D69CB009AD87C = {
						CreatedOnToolsVersion = 12.2;
						TestTargetID = 7C89A9F6256D69CA009AD87C;
					};
				};
			};
			buildConfigurationList = 7C89A9F2256D69CA009AD87C /* Build configuration list for PBXProject "FitApp" */;
			compatibilityVersion = "Xcode 9.3";
			developmentRegion = en;
			hasScannedForEncodings = 0;
			knownRegions = (
				en,
				Base,
				he,
			);
			mainGroup = 7C89A9EE256D69CA009AD87C;
			productRefGroup = 7C89A9F8256D69CA009AD87C /* Products */;
			projectDirPath = "";
			projectRoot = "";
			targets = (
				7C89A9F6256D69CA009AD87C /* FitApp */,
				7C89AA0C256D69CB009AD87C /* FitAppTests */,
				7C89AA17256D69CB009AD87C /* FitAppUITests */,
			);
		};
/* End PBXProject section */

/* Begin PBXResourcesBuildPhase section */
		7C89A9F5256D69CA009AD87C /* Resources */ = {
			isa = PBXResourcesBuildPhase;
			buildActionMask = 2147483647;
			files = (
				7C89AA07256D69CB009AD87C /* LaunchScreen.storyboard in Resources */,
				7C89AA04256D69CB009AD87C /* Assets.xcassets in Resources */,
				B3E6E98D257142CD00958C48 /* MealPlan.storyboard in Resources */,
				B358222325AC930B00C91295 /* Articles.storyboard in Resources */,
				7C89AA91256D8286009AD87C /* Questionnaire.storyboard in Resources */,
				B3E6E9A02571446E00958C48 /* MealPlanTableViewCell.xib in Resources */,
				B3B7FCEF2590EFBC004BC2CD /* WeightProgress.storyboard in Resources */,
				7C89AA02256D69CA009AD87C /* LoginRegister.storyboard in Resources */,
				B330B87625757C1000BDB206 /* Exercises.storyboard in Resources */,
				B330B87F25757F1300BDB206 /* ExerciseTableViewCell.xib in Resources */,
				B358227925ACA2F800C91295 /* ArticleTableViewCell.xib in Resources */,
				B34397A7258A7F720073A59B /* DishView.xib in Resources */,
				7C9B346C2583ECB800D30480 /* GoogleService-Info.plist in Resources */,
				B3B2A252256EE0700052E6C8 /* QuestionnaireFatCollectionViewCell.xib in Resources */,
				B3E36E7025727F63006CE558 /* Home.storyboard in Resources */,
			);
			runOnlyForDeploymentPostprocessing = 0;
		};
		7C89AA0B256D69CB009AD87C /* Resources */ = {
			isa = PBXResourcesBuildPhase;
			buildActionMask = 2147483647;
			files = (
			);
			runOnlyForDeploymentPostprocessing = 0;
		};
		7C89AA16256D69CB009AD87C /* Resources */ = {
			isa = PBXResourcesBuildPhase;
			buildActionMask = 2147483647;
			files = (
			);
			runOnlyForDeploymentPostprocessing = 0;
		};
/* End PBXResourcesBuildPhase section */

/* Begin PBXShellScriptBuildPhase section */
		0AA45D3D4D678465CFFBDA75 /* [CP] Check Pods Manifest.lock */ = {
			isa = PBXShellScriptBuildPhase;
			buildActionMask = 2147483647;
			files = (
			);
			inputFileListPaths = (
			);
			inputPaths = (
				"${PODS_PODFILE_DIR_PATH}/Podfile.lock",
				"${PODS_ROOT}/Manifest.lock",
			);
			name = "[CP] Check Pods Manifest.lock";
			outputFileListPaths = (
			);
			outputPaths = (
				"$(DERIVED_FILE_DIR)/Pods-FitAppTests-checkManifestLockResult.txt",
			);
			runOnlyForDeploymentPostprocessing = 0;
			shellPath = /bin/sh;
			shellScript = "diff \"${PODS_PODFILE_DIR_PATH}/Podfile.lock\" \"${PODS_ROOT}/Manifest.lock\" > /dev/null\nif [ $? != 0 ] ; then\n    # print error to STDERR\n    echo \"error: The sandbox is not in sync with the Podfile.lock. Run 'pod install' or update your CocoaPods installation.\" >&2\n    exit 1\nfi\n# This output is used by Xcode 'outputs' to avoid re-running this script phase.\necho \"SUCCESS\" > \"${SCRIPT_OUTPUT_FILE_0}\"\n";
			showEnvVarsInLog = 0;
		};
		3E89DFADD2E7621040277F7C /* [CP] Embed Pods Frameworks */ = {
			isa = PBXShellScriptBuildPhase;
			buildActionMask = 2147483647;
			files = (
			);
			inputFileListPaths = (
				"${PODS_ROOT}/Target Support Files/Pods-FitApp/Pods-FitApp-frameworks-${CONFIGURATION}-input-files.xcfilelist",
			);
			name = "[CP] Embed Pods Frameworks";
			outputFileListPaths = (
				"${PODS_ROOT}/Target Support Files/Pods-FitApp/Pods-FitApp-frameworks-${CONFIGURATION}-output-files.xcfilelist",
			);
			runOnlyForDeploymentPostprocessing = 0;
			shellPath = /bin/sh;
			shellScript = "\"${PODS_ROOT}/Target Support Files/Pods-FitApp/Pods-FitApp-frameworks.sh\"\n";
			showEnvVarsInLog = 0;
		};
		91BBD7C5219FA458FF3CE3F5 /* [CP] Embed Pods Frameworks */ = {
			isa = PBXShellScriptBuildPhase;
			buildActionMask = 2147483647;
			files = (
			);
			inputFileListPaths = (
				"${PODS_ROOT}/Target Support Files/Pods-FitApp-FitAppUITests/Pods-FitApp-FitAppUITests-frameworks-${CONFIGURATION}-input-files.xcfilelist",
			);
			name = "[CP] Embed Pods Frameworks";
			outputFileListPaths = (
				"${PODS_ROOT}/Target Support Files/Pods-FitApp-FitAppUITests/Pods-FitApp-FitAppUITests-frameworks-${CONFIGURATION}-output-files.xcfilelist",
			);
			runOnlyForDeploymentPostprocessing = 0;
			shellPath = /bin/sh;
			shellScript = "\"${PODS_ROOT}/Target Support Files/Pods-FitApp-FitAppUITests/Pods-FitApp-FitAppUITests-frameworks.sh\"\n";
			showEnvVarsInLog = 0;
		};
		942F5E360AC0E6B4EC1EF1F0 /* [CP] Check Pods Manifest.lock */ = {
			isa = PBXShellScriptBuildPhase;
			buildActionMask = 2147483647;
			files = (
			);
			inputFileListPaths = (
			);
			inputPaths = (
				"${PODS_PODFILE_DIR_PATH}/Podfile.lock",
				"${PODS_ROOT}/Manifest.lock",
			);
			name = "[CP] Check Pods Manifest.lock";
			outputFileListPaths = (
			);
			outputPaths = (
				"$(DERIVED_FILE_DIR)/Pods-FitApp-FitAppUITests-checkManifestLockResult.txt",
			);
			runOnlyForDeploymentPostprocessing = 0;
			shellPath = /bin/sh;
			shellScript = "diff \"${PODS_PODFILE_DIR_PATH}/Podfile.lock\" \"${PODS_ROOT}/Manifest.lock\" > /dev/null\nif [ $? != 0 ] ; then\n    # print error to STDERR\n    echo \"error: The sandbox is not in sync with the Podfile.lock. Run 'pod install' or update your CocoaPods installation.\" >&2\n    exit 1\nfi\n# This output is used by Xcode 'outputs' to avoid re-running this script phase.\necho \"SUCCESS\" > \"${SCRIPT_OUTPUT_FILE_0}\"\n";
			showEnvVarsInLog = 0;
		};
		A810216E83DAB82D60558EF8 /* [CP] Check Pods Manifest.lock */ = {
			isa = PBXShellScriptBuildPhase;
			buildActionMask = 2147483647;
			files = (
			);
			inputFileListPaths = (
			);
			inputPaths = (
				"${PODS_PODFILE_DIR_PATH}/Podfile.lock",
				"${PODS_ROOT}/Manifest.lock",
			);
			name = "[CP] Check Pods Manifest.lock";
			outputFileListPaths = (
			);
			outputPaths = (
				"$(DERIVED_FILE_DIR)/Pods-FitApp-checkManifestLockResult.txt",
			);
			runOnlyForDeploymentPostprocessing = 0;
			shellPath = /bin/sh;
			shellScript = "diff \"${PODS_PODFILE_DIR_PATH}/Podfile.lock\" \"${PODS_ROOT}/Manifest.lock\" > /dev/null\nif [ $? != 0 ] ; then\n    # print error to STDERR\n    echo \"error: The sandbox is not in sync with the Podfile.lock. Run 'pod install' or update your CocoaPods installation.\" >&2\n    exit 1\nfi\n# This output is used by Xcode 'outputs' to avoid re-running this script phase.\necho \"SUCCESS\" > \"${SCRIPT_OUTPUT_FILE_0}\"\n";
			showEnvVarsInLog = 0;
		};
/* End PBXShellScriptBuildPhase section */

/* Begin PBXSourcesBuildPhase section */
		7C89A9F3256D69CA009AD87C /* Sources */ = {
			isa = PBXSourcesBuildPhase;
			buildActionMask = 2147483647;
			files = (
				B3B2A238256ED4F20052E6C8 /* QuestionnaireFatPresentViewController.swift in Sources */,
				B330B88A257581AA00BDB206 /* ExerciseTableViewCell.swift in Sources */,
				B3DB7513259F8270002CF48B /* MealViewModel.swift in Sources */,
				B368E05C25A79BB700BD1937 /* Data+Extensions.swift in Sources */,
				7C89AA81256D7342009AD87C /* RegisterViewController.swift in Sources */,
				7C89AA77256D715F009AD87C /* UIView+Extensions.swift in Sources */,
				B348421525890E5D00E0EF31 /* DIsh.swift in Sources */,
				B348420D25890CF800E0EF31 /* Meal.swift in Sources */,
				B3833F39259364ED006776D5 /* Weight.swift in Sources */,
				B3E6E9AD25714C1400958C48 /* MealPlanTableViewCell.swift in Sources */,
				B358227825ACA2F800C91295 /* ArticleTableViewCell.swift in Sources */,
				7C9B34922583F84A00D30480 /* StartViewController.swift in Sources */,
				B341E230257F972300EE05A7 /* QuestionnairePersonalDetailsViewController.swift in Sources */,
				B30069D325926F090025FA0E /* WeightProgressViewController.swift in Sources */,
				B302982025793BBA00CF41F0 /* UserProgress.swift in Sources */,
				B3BB8F4125826FEB00D70628 /* QuestionnaireNutritionViewController.swift in Sources */,
				B36B71922577BF0C001CD393 /* Exercise.swift in Sources */,
				B368DF4F25A5F24E00BD1937 /* GoogleApiManager.swift in Sources */,
				B368DFFB25A76A2C00BD1937 /* WeightViewModel.swift in Sources */,
				B358222825AC9A2F00C91295 /* ArticlesViewController.swift in Sources */,
				B36B71872577BD99001CD393 /* ExerciseDetailViewController.swift in Sources */,
				B341E23B257FB3F400EE05A7 /* UITextField+Extensions.swift in Sources */,
				B3DB753525A09133002CF48B /* Double+Extensions.swift in Sources */,
				7C89AA66256D704D009AD87C /* LoginViewController.swift in Sources */,
				B368DFE025A6247600BD1937 /* SpinnerView.swift in Sources */,
				B341E236257FA6F500EE05A7 /* Date+Extensions.swift in Sources */,
				B3DB750D259F4850002CF48B /* FloatingPoint+Extensions.swift in Sources */,
				B3E36E75257285F3006CE558 /* HomeViewController.swift in Sources */,
				B35822A225ADA04300C91295 /* ArticleViewController.swift in Sources */,
				B3B2A232256ED2A60052E6C8 /* UIImage+Extensions.swift in Sources */,
				7C89A9FB256D69CA009AD87C /* AppDelegate.swift in Sources */,
				B368E07F25A8819100BD1937 /* Key.swift in Sources */,
				B3B2A247256EDE190052E6C8 /* QuestionnaireFatCollectionViewCell.swift in Sources */,
				B368E08725A8820E00BD1937 /* PropertyListValue.swift in Sources */,
				B36B718C2577BDF3001CD393 /* ExerciseViewController.swift in Sources */,
				7C9B345E2583C5B400D30480 /* QuestionnaireSumUpViewController.swift in Sources */,
				7C9B349E2583F9E000D30480 /* SettingsViewController.swift in Sources */,
				B368E04925A790D200BD1937 /* ServerDishs.swift in Sources */,
				B3BB8F3B2582553600D70628 /* QuestionnaireFitnessLevelViewController.swift in Sources */,
				B35111CA25962D41001B2B9B /* weightTableViewCell.swift in Sources */,
				B330B88F257583D200BDB206 /* ExercisesTableViewController.swift in Sources */,
				7C89AA61256D700F009AD87C /* UserProfile.swift in Sources */,
				B358227F25ACA40D00C91295 /* ArticleViewModel.swift in Sources */,
				B34397AD258A7FA50073A59B /* DishView.swift in Sources */,
				7C89AA78256D715F009AD87C /* UIViewController+Extensions.swift in Sources */,
				7C89A9FD256D69CA009AD87C /* SceneDelegate.swift in Sources */,
				7C89AA76256D715F009AD87C /* String+Extensions.swift in Sources */,
				B358223025AC9DA800C91295 /* Article.swift in Sources */,
				B3E6E9B825714D5800958C48 /* MealPlanViewController.swift in Sources */,
				B3BB8F35258223E400D70628 /* QuestionnaireActivityViewController.swift in Sources */,
				B3DB751B259F8773002CF48B /* ConsumptionManager.swift in Sources */,
				B3CA0CE3258111FD00923902 /* CircularProgressView.swift in Sources */,
				7C89AA59256D6FDB009AD87C /* Constants.swift in Sources */,
			);
			runOnlyForDeploymentPostprocessing = 0;
		};
		7C89AA09256D69CB009AD87C /* Sources */ = {
			isa = PBXSourcesBuildPhase;
			buildActionMask = 2147483647;
			files = (
				7C89AA12256D69CB009AD87C /* FitAppTests.swift in Sources */,
			);
			runOnlyForDeploymentPostprocessing = 0;
		};
		7C89AA14256D69CB009AD87C /* Sources */ = {
			isa = PBXSourcesBuildPhase;
			buildActionMask = 2147483647;
			files = (
				7C89AA1D256D69CB009AD87C /* FitAppUITests.swift in Sources */,
			);
			runOnlyForDeploymentPostprocessing = 0;
		};
/* End PBXSourcesBuildPhase section */

/* Begin PBXTargetDependency section */
		7C89AA0F256D69CB009AD87C /* PBXTargetDependency */ = {
			isa = PBXTargetDependency;
			target = 7C89A9F6256D69CA009AD87C /* FitApp */;
			targetProxy = 7C89AA0E256D69CB009AD87C /* PBXContainerItemProxy */;
		};
		7C89AA1A256D69CB009AD87C /* PBXTargetDependency */ = {
			isa = PBXTargetDependency;
			target = 7C89A9F6256D69CA009AD87C /* FitApp */;
			targetProxy = 7C89AA19256D69CB009AD87C /* PBXContainerItemProxy */;
		};
/* End PBXTargetDependency section */

/* Begin PBXVariantGroup section */
		7C89AA00256D69CA009AD87C /* LoginRegister.storyboard */ = {
			isa = PBXVariantGroup;
			children = (
				7C89AA01256D69CA009AD87C /* Base */,
			);
			name = LoginRegister.storyboard;
			sourceTree = "<group>";
		};
		7C89AA05256D69CB009AD87C /* LaunchScreen.storyboard */ = {
			isa = PBXVariantGroup;
			children = (
				7C89AA06256D69CB009AD87C /* Base */,
				7C89AA2E256D6A1C009AD87C /* he */,
			);
			name = LaunchScreen.storyboard;
			sourceTree = "<group>";
		};
/* End PBXVariantGroup section */

/* Begin XCBuildConfiguration section */
		7C89AA1F256D69CB009AD87C /* Debug */ = {
			isa = XCBuildConfiguration;
			buildSettings = {
				ALWAYS_SEARCH_USER_PATHS = NO;
				CLANG_ANALYZER_LOCALIZABILITY_NONLOCALIZED = YES;
				CLANG_ANALYZER_NONNULL = YES;
				CLANG_ANALYZER_NUMBER_OBJECT_CONVERSION = YES_AGGRESSIVE;
				CLANG_CXX_LANGUAGE_STANDARD = "gnu++14";
				CLANG_CXX_LIBRARY = "libc++";
				CLANG_ENABLE_MODULES = YES;
				CLANG_ENABLE_OBJC_ARC = YES;
				CLANG_ENABLE_OBJC_WEAK = YES;
				CLANG_WARN_BLOCK_CAPTURE_AUTORELEASING = YES;
				CLANG_WARN_BOOL_CONVERSION = YES;
				CLANG_WARN_COMMA = YES;
				CLANG_WARN_CONSTANT_CONVERSION = YES;
				CLANG_WARN_DEPRECATED_OBJC_IMPLEMENTATIONS = YES;
				CLANG_WARN_DIRECT_OBJC_ISA_USAGE = YES_ERROR;
				CLANG_WARN_DOCUMENTATION_COMMENTS = YES;
				CLANG_WARN_EMPTY_BODY = YES;
				CLANG_WARN_ENUM_CONVERSION = YES;
				CLANG_WARN_INFINITE_RECURSION = YES;
				CLANG_WARN_INT_CONVERSION = YES;
				CLANG_WARN_NON_LITERAL_NULL_CONVERSION = YES;
				CLANG_WARN_OBJC_IMPLICIT_RETAIN_SELF = YES;
				CLANG_WARN_OBJC_LITERAL_CONVERSION = YES;
				CLANG_WARN_OBJC_ROOT_CLASS = YES_ERROR;
				CLANG_WARN_QUOTED_INCLUDE_IN_FRAMEWORK_HEADER = YES;
				CLANG_WARN_RANGE_LOOP_ANALYSIS = YES;
				CLANG_WARN_STRICT_PROTOTYPES = YES;
				CLANG_WARN_SUSPICIOUS_MOVE = YES;
				CLANG_WARN_UNGUARDED_AVAILABILITY = YES_AGGRESSIVE;
				CLANG_WARN_UNREACHABLE_CODE = YES;
				CLANG_WARN__DUPLICATE_METHOD_MATCH = YES;
				COPY_PHASE_STRIP = NO;
				DEBUG_INFORMATION_FORMAT = dwarf;
				ENABLE_STRICT_OBJC_MSGSEND = YES;
				ENABLE_TESTABILITY = YES;
				GCC_C_LANGUAGE_STANDARD = gnu11;
				GCC_DYNAMIC_NO_PIC = NO;
				GCC_NO_COMMON_BLOCKS = YES;
				GCC_OPTIMIZATION_LEVEL = 0;
				GCC_PREPROCESSOR_DEFINITIONS = (
					"DEBUG=1",
					"$(inherited)",
				);
				GCC_WARN_64_TO_32_BIT_CONVERSION = YES;
				GCC_WARN_ABOUT_RETURN_TYPE = YES_ERROR;
				GCC_WARN_UNDECLARED_SELECTOR = YES;
				GCC_WARN_UNINITIALIZED_AUTOS = YES_AGGRESSIVE;
				GCC_WARN_UNUSED_FUNCTION = YES;
				GCC_WARN_UNUSED_VARIABLE = YES;
				IPHONEOS_DEPLOYMENT_TARGET = 13.0;
				MTL_ENABLE_DEBUG_INFO = INCLUDE_SOURCE;
				MTL_FAST_MATH = YES;
				ONLY_ACTIVE_ARCH = YES;
				SDKROOT = iphoneos;
				SWIFT_ACTIVE_COMPILATION_CONDITIONS = DEBUG;
				SWIFT_OPTIMIZATION_LEVEL = "-Onone";
			};
			name = Debug;
		};
		7C89AA20256D69CB009AD87C /* Release */ = {
			isa = XCBuildConfiguration;
			buildSettings = {
				ALWAYS_SEARCH_USER_PATHS = NO;
				CLANG_ANALYZER_LOCALIZABILITY_NONLOCALIZED = YES;
				CLANG_ANALYZER_NONNULL = YES;
				CLANG_ANALYZER_NUMBER_OBJECT_CONVERSION = YES_AGGRESSIVE;
				CLANG_CXX_LANGUAGE_STANDARD = "gnu++14";
				CLANG_CXX_LIBRARY = "libc++";
				CLANG_ENABLE_MODULES = YES;
				CLANG_ENABLE_OBJC_ARC = YES;
				CLANG_ENABLE_OBJC_WEAK = YES;
				CLANG_WARN_BLOCK_CAPTURE_AUTORELEASING = YES;
				CLANG_WARN_BOOL_CONVERSION = YES;
				CLANG_WARN_COMMA = YES;
				CLANG_WARN_CONSTANT_CONVERSION = YES;
				CLANG_WARN_DEPRECATED_OBJC_IMPLEMENTATIONS = YES;
				CLANG_WARN_DIRECT_OBJC_ISA_USAGE = YES_ERROR;
				CLANG_WARN_DOCUMENTATION_COMMENTS = YES;
				CLANG_WARN_EMPTY_BODY = YES;
				CLANG_WARN_ENUM_CONVERSION = YES;
				CLANG_WARN_INFINITE_RECURSION = YES;
				CLANG_WARN_INT_CONVERSION = YES;
				CLANG_WARN_NON_LITERAL_NULL_CONVERSION = YES;
				CLANG_WARN_OBJC_IMPLICIT_RETAIN_SELF = YES;
				CLANG_WARN_OBJC_LITERAL_CONVERSION = YES;
				CLANG_WARN_OBJC_ROOT_CLASS = YES_ERROR;
				CLANG_WARN_QUOTED_INCLUDE_IN_FRAMEWORK_HEADER = YES;
				CLANG_WARN_RANGE_LOOP_ANALYSIS = YES;
				CLANG_WARN_STRICT_PROTOTYPES = YES;
				CLANG_WARN_SUSPICIOUS_MOVE = YES;
				CLANG_WARN_UNGUARDED_AVAILABILITY = YES_AGGRESSIVE;
				CLANG_WARN_UNREACHABLE_CODE = YES;
				CLANG_WARN__DUPLICATE_METHOD_MATCH = YES;
				COPY_PHASE_STRIP = NO;
				DEBUG_INFORMATION_FORMAT = "dwarf-with-dsym";
				ENABLE_NS_ASSERTIONS = NO;
				ENABLE_STRICT_OBJC_MSGSEND = YES;
				GCC_C_LANGUAGE_STANDARD = gnu11;
				GCC_NO_COMMON_BLOCKS = YES;
				GCC_WARN_64_TO_32_BIT_CONVERSION = YES;
				GCC_WARN_ABOUT_RETURN_TYPE = YES_ERROR;
				GCC_WARN_UNDECLARED_SELECTOR = YES;
				GCC_WARN_UNINITIALIZED_AUTOS = YES_AGGRESSIVE;
				GCC_WARN_UNUSED_FUNCTION = YES;
				GCC_WARN_UNUSED_VARIABLE = YES;
				IPHONEOS_DEPLOYMENT_TARGET = 13.0;
				MTL_ENABLE_DEBUG_INFO = NO;
				MTL_FAST_MATH = YES;
				SDKROOT = iphoneos;
				SWIFT_COMPILATION_MODE = wholemodule;
				SWIFT_OPTIMIZATION_LEVEL = "-O";
				VALIDATE_PRODUCT = YES;
			};
			name = Release;
		};
		7C89AA22256D69CB009AD87C /* Debug */ = {
			isa = XCBuildConfiguration;
			baseConfigurationReference = DAEA8DB066969834A817B457 /* Pods-FitApp.debug.xcconfig */;
			buildSettings = {
				ASSETCATALOG_COMPILER_APPICON_NAME = AppIcon;
				ASSETCATALOG_COMPILER_GLOBAL_ACCENT_COLOR_NAME = AccentColor;
				CODE_SIGN_STYLE = Automatic;
				DEVELOPMENT_TEAM = KMHWK7748S;
				INFOPLIST_FILE = FitApp/Info.plist;
				LD_RUNPATH_SEARCH_PATHS = (
					"$(inherited)",
					"@executable_path/Frameworks",
				);
				PRODUCT_BUNDLE_IDENTIFIER = swift.ShaharYael.MyFItApp;
				PRODUCT_NAME = "$(TARGET_NAME)";
				SWIFT_VERSION = 5.0;
				TARGETED_DEVICE_FAMILY = "1,2";
			};
			name = Debug;
		};
		7C89AA23256D69CB009AD87C /* Release */ = {
			isa = XCBuildConfiguration;
			baseConfigurationReference = 7C8958EB95477BC016742433 /* Pods-FitApp.release.xcconfig */;
			buildSettings = {
				ASSETCATALOG_COMPILER_APPICON_NAME = AppIcon;
				ASSETCATALOG_COMPILER_GLOBAL_ACCENT_COLOR_NAME = AccentColor;
				CODE_SIGN_STYLE = Automatic;
				DEVELOPMENT_TEAM = KMHWK7748S;
				INFOPLIST_FILE = FitApp/Info.plist;
				LD_RUNPATH_SEARCH_PATHS = (
					"$(inherited)",
					"@executable_path/Frameworks",
				);
				PRODUCT_BUNDLE_IDENTIFIER = swift.ShaharYael.MyFItApp;
				PRODUCT_NAME = "$(TARGET_NAME)";
				SWIFT_VERSION = 5.0;
				TARGETED_DEVICE_FAMILY = "1,2";
			};
			name = Release;
		};
		7C89AA25256D69CB009AD87C /* Debug */ = {
			isa = XCBuildConfiguration;
			baseConfigurationReference = C98BC5F3BA0E153D76D4AC05 /* Pods-FitAppTests.debug.xcconfig */;
			buildSettings = {
				ALWAYS_EMBED_SWIFT_STANDARD_LIBRARIES = YES;
				BUNDLE_LOADER = "$(TEST_HOST)";
				CODE_SIGN_STYLE = Automatic;
				DEVELOPMENT_TEAM = KMHWK7748S;
				INFOPLIST_FILE = FitAppTests/Info.plist;
				IPHONEOS_DEPLOYMENT_TARGET = 14.2;
				LD_RUNPATH_SEARCH_PATHS = (
					"$(inherited)",
					"@executable_path/Frameworks",
					"@loader_path/Frameworks",
				);
				PRODUCT_BUNDLE_IDENTIFIER = swift.Oelias.FitAppTests;
				PRODUCT_NAME = "$(TARGET_NAME)";
				SWIFT_VERSION = 5.0;
				TARGETED_DEVICE_FAMILY = "1,2";
				TEST_HOST = "$(BUILT_PRODUCTS_DIR)/FitApp.app/FitApp";
			};
			name = Debug;
		};
		7C89AA26256D69CB009AD87C /* Release */ = {
			isa = XCBuildConfiguration;
			baseConfigurationReference = B0AE3B48B417514ACEE1ACAB /* Pods-FitAppTests.release.xcconfig */;
			buildSettings = {
				ALWAYS_EMBED_SWIFT_STANDARD_LIBRARIES = YES;
				BUNDLE_LOADER = "$(TEST_HOST)";
				CODE_SIGN_STYLE = Automatic;
				DEVELOPMENT_TEAM = KMHWK7748S;
				INFOPLIST_FILE = FitAppTests/Info.plist;
				IPHONEOS_DEPLOYMENT_TARGET = 14.2;
				LD_RUNPATH_SEARCH_PATHS = (
					"$(inherited)",
					"@executable_path/Frameworks",
					"@loader_path/Frameworks",
				);
				PRODUCT_BUNDLE_IDENTIFIER = swift.Oelias.FitAppTests;
				PRODUCT_NAME = "$(TARGET_NAME)";
				SWIFT_VERSION = 5.0;
				TARGETED_DEVICE_FAMILY = "1,2";
				TEST_HOST = "$(BUILT_PRODUCTS_DIR)/FitApp.app/FitApp";
			};
			name = Release;
		};
		7C89AA28256D69CB009AD87C /* Debug */ = {
			isa = XCBuildConfiguration;
			baseConfigurationReference = ACEF8473DFF1F8DE43E4AFF4 /* Pods-FitApp-FitAppUITests.debug.xcconfig */;
			buildSettings = {
				ALWAYS_EMBED_SWIFT_STANDARD_LIBRARIES = YES;
				CODE_SIGN_STYLE = Automatic;
				DEVELOPMENT_TEAM = KMHWK7748S;
				INFOPLIST_FILE = FitAppUITests/Info.plist;
				LD_RUNPATH_SEARCH_PATHS = (
					"$(inherited)",
					"@executable_path/Frameworks",
					"@loader_path/Frameworks",
				);
				PRODUCT_BUNDLE_IDENTIFIER = swift.Oelias.FitAppUITests;
				PRODUCT_NAME = "$(TARGET_NAME)";
				SWIFT_VERSION = 5.0;
				TARGETED_DEVICE_FAMILY = "1,2";
				TEST_TARGET_NAME = FitApp;
			};
			name = Debug;
		};
		7C89AA29256D69CB009AD87C /* Release */ = {
			isa = XCBuildConfiguration;
			baseConfigurationReference = 05D96098412DCEF72F6C4753 /* Pods-FitApp-FitAppUITests.release.xcconfig */;
			buildSettings = {
				ALWAYS_EMBED_SWIFT_STANDARD_LIBRARIES = YES;
				CODE_SIGN_STYLE = Automatic;
				DEVELOPMENT_TEAM = KMHWK7748S;
				INFOPLIST_FILE = FitAppUITests/Info.plist;
				LD_RUNPATH_SEARCH_PATHS = (
					"$(inherited)",
					"@executable_path/Frameworks",
					"@loader_path/Frameworks",
				);
				PRODUCT_BUNDLE_IDENTIFIER = swift.Oelias.FitAppUITests;
				PRODUCT_NAME = "$(TARGET_NAME)";
				SWIFT_VERSION = 5.0;
				TARGETED_DEVICE_FAMILY = "1,2";
				TEST_TARGET_NAME = FitApp;
			};
			name = Release;
		};
/* End XCBuildConfiguration section */

/* Begin XCConfigurationList section */
		7C89A9F2256D69CA009AD87C /* Build configuration list for PBXProject "FitApp" */ = {
			isa = XCConfigurationList;
			buildConfigurations = (
				7C89AA1F256D69CB009AD87C /* Debug */,
				7C89AA20256D69CB009AD87C /* Release */,
			);
			defaultConfigurationIsVisible = 0;
			defaultConfigurationName = Release;
		};
		7C89AA21256D69CB009AD87C /* Build configuration list for PBXNativeTarget "FitApp" */ = {
			isa = XCConfigurationList;
			buildConfigurations = (
				7C89AA22256D69CB009AD87C /* Debug */,
				7C89AA23256D69CB009AD87C /* Release */,
			);
			defaultConfigurationIsVisible = 0;
			defaultConfigurationName = Release;
		};
		7C89AA24256D69CB009AD87C /* Build configuration list for PBXNativeTarget "FitAppTests" */ = {
			isa = XCConfigurationList;
			buildConfigurations = (
				7C89AA25256D69CB009AD87C /* Debug */,
				7C89AA26256D69CB009AD87C /* Release */,
			);
			defaultConfigurationIsVisible = 0;
			defaultConfigurationName = Release;
		};
		7C89AA27256D69CB009AD87C /* Build configuration list for PBXNativeTarget "FitAppUITests" */ = {
			isa = XCConfigurationList;
			buildConfigurations = (
				7C89AA28256D69CB009AD87C /* Debug */,
				7C89AA29256D69CB009AD87C /* Release */,
			);
			defaultConfigurationIsVisible = 0;
			defaultConfigurationName = Release;
		};
/* End XCConfigurationList section */
	};
	rootObject = 7C89A9EF256D69CA009AD87C /* Project object */;
}
