PODS:
  - BetterSegmentedControl (1.3.0)
  - BulletinBoard (5.0.0)
  - Charts (4.1.0):
    - Charts/Core (= 4.1.0)
  - Charts/Core (4.1.0):
    - SwiftAlgorithms (~> 1.0)
  - CropViewController (2.6.0)
  - DateToolsSwift (5.0.0)
  - JGProgressHUD (2.2)
  - MKRingProgressView (2.2.3)
  - SDWebImage (5.10.4):
    - SDWebImage/Core (= 5.10.4)
  - SDWebImage/Core (5.10.4)
  - SpreadsheetView (0.9.1)
  - SwiftAlgorithms (1.0.0)

DEPENDENCIES:
  - BetterSegmentedControl (~> 1.3)
  - BulletinBoard
  - Charts (~> 4.1.0)
  - CropViewController
  - DateToolsSwift
  - JGProgressHUD
  - MKRingProgressView
  - SDWebImage (~> 5.0)
  - SpreadsheetView

SPEC REPOS:
  trunk:
    - BetterSegmentedControl
    - BulletinBoard
    - Charts
    - CropViewController
    - DateToolsSwift
    - JGProgressHUD
    - MKRingProgressView
    - SDWebImage
    - SpreadsheetView
    - SwiftAlgorithms

SPEC CHECKSUMS:
  BetterSegmentedControl: 85d1b0343a09603b098884d527f550dfc8e6cdd9
  BulletinBoard: dba77053c2a7b64953f63073f7534165af2edd21
  Charts: 354f86803d11d9c35de280587fef50d1af063978
  CropViewController: 7093b39ec3cb508531b22d35773e06cecd7378d8
  DateToolsSwift: 4207ada6ad615d8dc076323d27037c94916dbfa6
  JGProgressHUD: d83d7a981b85d11205e19ff8ad5bb9c40571c847
  MKRingProgressView: 404b3157e7a533ab8668d29ec20042c35d12ca1d
  SDWebImage: c666b97e1fa9c64b4909816a903322018f0a9c84
  SpreadsheetView: 688dbd19f2b355df0eb09e486266fd913a013449
  SwiftAlgorithms: 38dda4731d19027fdeee1125f973111bf3386b53

PODFILE CHECKSUM: 8f31afb2672b7e55f9147e4c367ec0f07ac0becf

COCOAPODS: 1.12.0
