PODS:
  - Charts (4.1.0):
    - Charts/Core (= 4.1.0)
  - Charts/Core (4.1.0):
    - SwiftAlgorithms (~> 1.0)
  - CropViewController (2.6.1)
  - DateToolsSwift (5.0.0)
  - GMStepper (2.2)
  - JGProgressHUD (2.2)
  - MKRingProgressView (2.3.0)
  - SDWebImage (5.15.5):
    - SDWebImage/Core (= 5.15.5)
  - SDWebImage/Core (5.15.5)
  - SpreadsheetView (0.9.1)
  - SwiftAlgorithms (1.0.0)

DEPENDENCIES:
  - Charts
  - CropViewController
  - DateToolsSwift
  - GMStepper
  - JGProgressHUD
  - MKRingProgressView
  - SDWebImage (~> 5.0)
  - SpreadsheetView

SPEC REPOS:
  trunk:
    - Charts
    - CropViewController
    - DateToolsSwift
    - GMStepper
    - JGProgressHUD
    - MKRingProgressView
    - SDWebImage
    - SpreadsheetView
    - SwiftAlgorithms

SPEC CHECKSUMS:
  Charts: 354f86803d11d9c35de280587fef50d1af063978
  CropViewController: 58fb440f30dac788b129d2a1f24cffdcb102669c
  DateToolsSwift: 4207ada6ad615d8dc076323d27037c94916dbfa6
  GMStepper: 89fb106944dfcc3aa3add7164e3ebd463ea2104b
  JGProgressHUD: d83d7a981b85d11205e19ff8ad5bb9c40571c847
  MKRingProgressView: f534209b9a1edc0beb2ea613e6b953ea2195b565
  SDWebImage: fd7e1a22f00303e058058278639bf6196ee431fe
  SpreadsheetView: 688dbd19f2b355df0eb09e486266fd913a013449
  SwiftAlgorithms: 38dda4731d19027fdeee1125f973111bf3386b53

PODFILE CHECKSUM: 98f973b3d65a8b616d89165863dfe8196b30a94d

COCOAPODS: 1.12.1
